
Microsoft Visual Studio Solution File, Format Version 12.00
# Visual Studio Version 17
VisualStudioVersion = 17.2.32526.322
MinimumVisualStudioVersion = 10.0.40219.1
Project("{2150E333-8FDC-42A3-9474-1A3956D46DE8}") = "src", "src", "{06D22283-A1B6-428E-BF63-69E0F2F9DA19}"
EndProject
Project("{2150E333-8FDC-42A3-9474-1A3956D46DE8}") = "Api", "Api", "{911E1874-3FC9-4B12-AA47-5EACE8F4AC22}"
EndProject
Project("{2150E333-8FDC-42A3-9474-1A3956D46DE8}") = "Clients", "Clients", "{BDE7B566-F20A-4E54-BB09-1A40069496E7}"
EndProject
Project("{2150E333-8FDC-42A3-9474-1A3956D46DE8}") = "Common", "Common", "{9B3FB619-2381-4BFA-A503-52410CC6B2C1}"
EndProject
Project("{2150E333-8FDC-42A3-9474-1A3956D46DE8}") = "Projections", "Projections", "{D42AD9BC-A5F1-4F8E-AC3B-081170277BC5}"
EndProject
Project("{2150E333-8FDC-42A3-9474-1A3956D46DE8}") = "Core", "Core", "{45D2076B-185D-4CD9-8BC8-540AD11785A3}"
EndProject
Project("{2150E333-8FDC-42A3-9474-1A3956D46DE8}") = "Infrastructure", "Infrastructure", "{C974A3C6-A11D-4D5B-9F0C-A7B559C3A327}"
EndProject
Project("{2150E333-8FDC-42A3-9474-1A3956D46DE8}") = "WebApi", "WebApi", "{E702E987-AF1E-4141-8BB9-482211780034}"
EndProject
Project("{2150E333-8FDC-42A3-9474-1A3956D46DE8}") = "BlazorWeb", "BlazorWeb", "{7FD9CEF0-D69F-4A40-9F8C-F9D421905537}"
EndProject
Global
	GlobalSection(SolutionProperties) = preSolution
		HideSolutionNode = FALSE
	EndGlobalSection
	GlobalSection(NestedProjects) = preSolution
		{911E1874-3FC9-4B12-AA47-5EACE8F4AC22} = {06D22283-A1B6-428E-BF63-69E0F2F9DA19}
		{BDE7B566-F20A-4E54-BB09-1A40069496E7} = {06D22283-A1B6-428E-BF63-69E0F2F9DA19}
		{9B3FB619-2381-4BFA-A503-52410CC6B2C1} = {06D22283-A1B6-428E-BF63-69E0F2F9DA19}
		{D42AD9BC-A5F1-4F8E-AC3B-081170277BC5} = {06D22283-A1B6-428E-BF63-69E0F2F9DA19}
		{45D2076B-185D-4CD9-8BC8-540AD11785A3} = {911E1874-3FC9-4B12-AA47-5EACE8F4AC22}
		{C974A3C6-A11D-4D5B-9F0C-A7B559C3A327} = {911E1874-3FC9-4B12-AA47-5EACE8F4AC22}
		{E702E987-AF1E-4141-8BB9-482211780034} = {911E1874-3FC9-4B12-AA47-5EACE8F4AC22}
		{7FD9CEF0-D69F-4A40-9F8C-F9D421905537} = {BDE7B566-F20A-4E54-BB09-1A40069496E7}
	EndGlobalSection
	GlobalSection(ExtensibilityGlobals) = postSolution
		SolutionGuid = {79920319-A59A-484C-8BEF-86AAEF9BC9C2}
	EndGlobalSection
EndGlobal
